<?xml version="1.0" encoding="utf-8"?>
<Project ToolsVersion="4.0" xmlns="http://schemas.microsoft.com/developer/msbuild/2003">
  <ItemGroup>
    <Filter Include="Resources">
      <UniqueIdentifier>{67DA6AB6-F800-4c08-8B7A-83BB121AAD01}</UniqueIdentifier>
      <Extensions>rc;ico;cur;bmp;dlg;rc2;rct;bin;rgs;gif;jpg;jpeg;jpe;resx;tiff;tif;png;wav;mfcribbon-ms</Extensions>
    </Filter>
    <Filter Include="Source">
      <UniqueIdentifier>{4FC737F1-C7A5-4376-A066-2A32D752A2FF}</UniqueIdentifier>
      <Extensions>cpp;c;cc;cxx;c++;cppm;ixx;def;odl;idl;hpj;bat;asm;asmx</Extensions>
    </Filter>
    <Filter Include="Source\pch">
      <UniqueIdentifier>{6b7080cf-5c31-418b-8120-370a00183198}</UniqueIdentifier>
    </Filter>
    <Filter Include="Source\Core">
      <UniqueIdentifier>{252184ec-313d-4516-9914-ac4b2b86de83}</UniqueIdentifier>
    </Filter>
    <Filter Include="Source\Core\Private">
      <UniqueIdentifier>{4064aebb-dcc4-400a-9fe9-fea44271a111}</UniqueIdentifier>
    </Filter>
    <Filter Include="Source\Core\Public">
      <UniqueIdentifier>{03e09855-abe2-4f90-a7d1-f38eef62da3b}</UniqueIdentifier>
    </Filter>
    <Filter Include="Source\Core\Classes">
      <UniqueIdentifier>{c73d0cd6-4db9-4bb6-9e5c-706eaac8cd8c}</UniqueIdentifier>
    </Filter>
    <Filter Include="Source\Engine">
      <UniqueIdentifier>{f8865c49-5df2-43d3-8e5d-9e4c300723a4}</UniqueIdentifier>
    </Filter>
    <Filter Include="Source\Engine\Public">
      <UniqueIdentifier>{aadc61b4-1246-4a56-8fc5-1e2de0d7fad1}</UniqueIdentifier>
    </Filter>
    <Filter Include="Source\Engine\Private">
      <UniqueIdentifier>{cb820013-e128-43e4-b329-d5460a0b3fc5}</UniqueIdentifier>
    </Filter>
    <Filter Include="Source\Engine\Classes">
      <UniqueIdentifier>{7d487d32-d59e-4443-916a-d950f7f1434f}</UniqueIdentifier>
    </Filter>
    <Filter Include="Source\Platform">
      <UniqueIdentifier>{f1961733-3f95-4dd8-b4e3-e076a806c89b}</UniqueIdentifier>
    </Filter>
    <Filter Include="Source\Common">
      <UniqueIdentifier>{5e2209c3-0f5e-41b4-98d7-ecec2b064e7a}</UniqueIdentifier>
    </Filter>
    <Filter Include="Source\Platform\Win32">
      <UniqueIdentifier>{809ae5a7-c82a-4eeb-9493-7519184e5b65}</UniqueIdentifier>
    </Filter>
    <Filter Include="Source\Platform\Win32\Classes">
      <UniqueIdentifier>{f063af7b-137b-42d6-b831-d757118b8f8c}</UniqueIdentifier>
    </Filter>
    <Filter Include="Source\Platform\Win32\Private">
      <UniqueIdentifier>{9674b45b-4af5-4c02-ba13-29a9224ec08f}</UniqueIdentifier>
    </Filter>
    <Filter Include="Source\Platform\Win32\Public">
      <UniqueIdentifier>{09e1bd75-e6f0-4f74-92c2-18a3f2179ab1}</UniqueIdentifier>
    </Filter>
    <Filter Include="Source\Common\Classes">
      <UniqueIdentifier>{9adc8e75-b189-4614-b0c9-8b1b3da2c15f}</UniqueIdentifier>
    </Filter>
    <Filter Include="Source\Common\Private">
      <UniqueIdentifier>{a2b9c0ab-39a5-4b24-8af3-41cf64404197}</UniqueIdentifier>
    </Filter>
    <Filter Include="Source\Common\Public">
      <UniqueIdentifier>{f0d532aa-6dd2-4a52-a77a-75c09be07e04}</UniqueIdentifier>
    </Filter>
  </ItemGroup>
  <ItemGroup>
    <ClCompile Include="Source\Engine.cpp">
      <Filter>Source\pch</Filter>
    </ClCompile>
    <ClCompile Include="Source\Core\GameSettings.cpp">
      <Filter>Source\Core\Private</Filter>
    </ClCompile>
    <ClCompile Include="Source\Core\Core.cpp">
      <Filter>Source\Core\Private</Filter>
    </ClCompile>
    <ClCompile Include="Source\Core\CoreMinimal.cpp">
      <Filter>Source\Core\Private</Filter>
    </ClCompile>
    <ClCompile Include="Source\Core\CoreDefinitions.cpp">
      <Filter>Source\Core\Private</Filter>
    </ClCompile>
    <ClCompile Include="Source\AEngine\Simulation.cpp">
      <Filter>Source\Engine\Private</Filter>
    </ClCompile>
    <ClCompile Include="Source\AEngine\AEngine.cpp">
      <Filter>Source\Engine\Private</Filter>
    </ClCompile>
    <ClCompile Include="Source\Common\Logger.cpp">
      <Filter>Source\Common\Private</Filter>
    </ClCompile>
    <ClCompile Include="Source\Common\Time.cpp">
      <Filter>Source\Common\Private</Filter>
    </ClCompile>
    <ClCompile Include="Source\Platform\WIN32\IApplication.cpp">
      <Filter>Source\Platform\Win32\Private</Filter>
    </ClCompile>
    <ClCompile Include="Source\Common\CmdLineArgs.cpp">
      <Filter>Source\Common\Private</Filter>
    </ClCompile>
    <ClCompile Include="Source\AEngine\SplashScreen.cpp">
      <Filter>Source\Engine\Private</Filter>
    </ClCompile>
    <ClCompile Include="Source\Platform\Win32\Window.cpp">
      <Filter>Source\Platform\Win32\Private</Filter>
    </ClCompile>
    <ClCompile Include="Source\Platform\Win32\WindowBase.cpp">
      <Filter>Source\Platform\Win32\Private</Filter>
    </ClCompile>
    <ClCompile Include="Source\Platform\Win32\Win32Utils.cpp">
      <Filter>Source\Platform\Win32\Private</Filter>
    </ClCompile>
  </ItemGroup>
  <ItemGroup>
    <ClInclude Include="Source\Engine.h">
      <Filter>Source\pch</Filter>
    </ClInclude>
    <ClInclude Include="Source\Core\GameSettings.h">
      <Filter>Source\Core\Classes</Filter>
    </ClInclude>
    <ClInclude Include="Source\Core\Core.h">
      <Filter>Source\Core\Public</Filter>
    </ClInclude>
    <ClInclude Include="Source\Core\CoreMinimal.h">
      <Filter>Source\Core\Public</Filter>
    </ClInclude>
    <ClInclude Include="Source\Core\CoreDefinitions.h">
      <Filter>Source\Core\Public</Filter>
    </ClInclude>
    <ClInclude Include="Source\AEngine\Simulation.h">
      <Filter>Source\Engine\Classes</Filter>
    </ClInclude>
    <ClInclude Include="Source\AEngine\AEngine.h">
      <Filter>Source\Engine\Classes</Filter>
    </ClInclude>
    <ClInclude Include="Source\Platform\WIN32\IApplication.h">
      <Filter>Source\Platform\Win32\Classes</Filter>
    </ClInclude>
    <ClInclude Include="Source\Common\Logger.h">
      <Filter>Source\Common\Classes</Filter>
    </ClInclude>
    <ClInclude Include="Source\Common\Time.h">
      <Filter>Source\Common\Public</Filter>
    </ClInclude>
    <ClInclude Include="Source\Platform\WIN32\WinEntry.h">
      <Filter>Source\Platform\Win32\Public</Filter>
    </ClInclude>
    <ClInclude Include="Source\Common\CmdLineArgs.h">
      <Filter>Source\Common\Public</Filter>
    </ClInclude>
    <ClInclude Include="Source\AEngine\SplashScreen.h">
      <Filter>Source\Engine\Public</Filter>
    </ClInclude>
    <ClInclude Include="Source\Platform\Win32\Window.h">
      <Filter>Source\Platform\Win32\Classes</Filter>
    </ClInclude>
    <ClInclude Include="Source\Platform\Win32\WindowBase.h">
      <Filter>Source\Platform\Win32\Classes</Filter>
    </ClInclude>
    <ClInclude Include="Source\Platform\Win32\Win32Utils.h">
      <Filter>Source\Platform\Win32\Public</Filter>
    </ClInclude>
  </ItemGroup>
</Project>