<?xml version="1.0" encoding="utf-8"?>
<Project ToolsVersion="4.0" xmlns="http://schemas.microsoft.com/developer/msbuild/2003">
  <ItemGroup>
    <Filter Include="Source">
      <UniqueIdentifier>{93995380-89BD-4b04-88EB-625FBE52EBFB}</UniqueIdentifier>
      <Extensions>h;hh;hpp;hxx;h++;hm;inl;inc;ipp;xsd</Extensions>
    </Filter>
    <Filter Include="Resources">
      <UniqueIdentifier>{4FC737F1-C7A5-4376-A066-2A32D752A2FF}</UniqueIdentifier>
      <Extensions>cpp;c;cc;cxx;c++;cppm;ixx;def;odl;idl;hpj;bat;asm;asmx</Extensions>
    </Filter>
    <Filter Include="Source\Public">
      <UniqueIdentifier>{879d819b-c320-4965-9537-dad2ec258cf2}</UniqueIdentifier>
    </Filter>
    <Filter Include="Source\pch">
      <UniqueIdentifier>{ff98c268-9eaa-4378-a7df-40c4340d702b}</UniqueIdentifier>
    </Filter>
    <Filter Include="Resources\Icons">
      <UniqueIdentifier>{5c5bdb5a-802b-4bf5-a99a-29754a92ad4d}</UniqueIdentifier>
    </Filter>
    <Filter Include="Source\Private">
      <UniqueIdentifier>{397e2427-3f83-476e-b795-9ebe2721a44e}</UniqueIdentifier>
    </Filter>
  </ItemGroup>
  <ItemGroup>
    <ClCompile Include="Source\pch.cpp">
      <Filter>Source\pch</Filter>
    </ClCompile>
    <ClCompile Include="Source\WinMain.cpp">
      <Filter>Source\Private</Filter>
    </ClCompile>
    <ClCompile Include="Source\Application.cpp">
      <Filter>Source\Private</Filter>
    </ClCompile>
  </ItemGroup>
  <ItemGroup>
    <ClInclude Include="Source\pch.h">
      <Filter>Source\pch</Filter>
    </ClInclude>
    <ClInclude Include="resource.h">
      <Filter>Resources</Filter>
    </ClInclude>
    <ClInclude Include="Source\Application.h">
      <Filter>Source\Public</Filter>
    </ClInclude>
  </ItemGroup>
  <ItemGroup>
    <Image Include="Content\mainIcon.ico">
      <Filter>Resources\Icons</Filter>
    </Image>
    <Image Include="content\Icons\main.ico" />
  </ItemGroup>
  <ItemGroup>
    <ResourceCompile Include="EmptyProject.rc">
      <Filter>Resources</Filter>
    </ResourceCompile>
  </ItemGroup>
</Project>